
Microsoft Visual Studio Solution File, Format Version 12.00
# Visual Studio Version 17
VisualStudioVersion = 17.1.32210.238
MinimumVisualStudioVersion = 10.0.40219.1
Project("{F184B08F-C81C-45F6-A57F-5ABD9991F28F}") = "myAppointment", "myAppointment.vbproj", "{96B659CB-BD6A-4DC3-B1FB-FF0ED097292F}"
EndProject
Global
	GlobalSection(SolutionConfigurationPlatforms) = preSolution
		Debug|Any CPU = Debug|Any CPU
		Release|Any CPU = Release|Any CPU
	EndGlobalSection
	GlobalSection(ProjectConfigurationPlatforms) = postSolution
		{96B659CB-BD6A-4DC3-B1FB-FF0ED097292F}.Debug|Any CPU.ActiveCfg = Debug|Any CPU
		{96B659CB-BD6A-4DC3-B1FB-FF0ED097292F}.Debug|Any CPU.Build.0 = Debug|Any CPU
		{96B659CB-BD6A-4DC3-B1FB-FF0ED097292F}.Release|Any CPU.ActiveCfg = Release|Any CPU
		{96B659CB-BD6A-4DC3-B1FB-FF0ED097292F}.Release|Any CPU.Build.0 = Release|Any CPU
	EndGlobalSection
	GlobalSection(SolutionProperties) = preSolution
		HideSolutionNode = FALSE
	EndGlobalSection
	GlobalSection(ExtensibilityGlobals) = postSolution
		SolutionGuid = {F8EE7D17-3FE9-46F3-9F81-75494EBDF828}
	EndGlobalSection
EndGlobal
